
Microsoft Visual Studio Solution File, Format Version 11.00
# Visual Studio 2010
Project("{FAE04EC0-301F-11D3-BF4B-00C04F79EFBC}") = "PokerGameUI", "PokerGameUI\PokerGameUI.csproj", "{B0C9423E-BD95-451C-BBF1-CFF887266FA0}"
EndProject
Project("{FAE04EC0-301F-11D3-BF4B-00C04F79EFBC}") = "PokerGame", "PokerGame\PokerGame.csproj", "{352B3683-F546-4370-9EF4-1A689281A512}"
EndProject
Project("{FAE04EC0-301F-11D3-BF4B-00C04F79EFBC}") = "PokerGame.Test", "PokerGame.Test\PokerGame.Test.csproj", "{EEF89463-C3C0-4F58-A95E-D08775EC1AC1}"
EndProject
Global
	GlobalSection(SolutionConfigurationPlatforms) = preSolution
		Debug|Any CPU = Debug|Any CPU
		Debug|Mixed Platforms = Debug|Mixed Platforms
		Debug|x86 = Debug|x86
		Release|Any CPU = Release|Any CPU
		Release|Mixed Platforms = Release|Mixed Platforms
		Release|x86 = Release|x86
	EndGlobalSection
	GlobalSection(ProjectConfigurationPlatforms) = postSolution
		{B0C9423E-BD95-451C-BBF1-CFF887266FA0}.Debug|Any CPU.ActiveCfg = Debug|x86
		{B0C9423E-BD95-451C-BBF1-CFF887266FA0}.Debug|Mixed Platforms.ActiveCfg = Debug|x86
		{B0C9423E-BD95-451C-BBF1-CFF887266FA0}.Debug|Mixed Platforms.Build.0 = Debug|x86
		{B0C9423E-BD95-451C-BBF1-CFF887266FA0}.Debug|x86.ActiveCfg = Debug|x86
		{B0C9423E-BD95-451C-BBF1-CFF887266FA0}.Debug|x86.Build.0 = Debug|x86
		{B0C9423E-BD95-451C-BBF1-CFF887266FA0}.Release|Any CPU.ActiveCfg = Release|x86
		{B0C9423E-BD95-451C-BBF1-CFF887266FA0}.Release|Mixed Platforms.ActiveCfg = Release|x86
		{B0C9423E-BD95-451C-BBF1-CFF887266FA0}.Release|Mixed Platforms.Build.0 = Release|x86
		{B0C9423E-BD95-451C-BBF1-CFF887266FA0}.Release|x86.ActiveCfg = Release|x86
		{B0C9423E-BD95-451C-BBF1-CFF887266FA0}.Release|x86.Build.0 = Release|x86
		{352B3683-F546-4370-9EF4-1A689281A512}.Debug|Any CPU.ActiveCfg = Debug|Any CPU
		{352B3683-F546-4370-9EF4-1A689281A512}.Debug|Any CPU.Build.0 = Debug|Any CPU
		{352B3683-F546-4370-9EF4-1A689281A512}.Debug|Mixed Platforms.ActiveCfg = Debug|Any CPU
		{352B3683-F546-4370-9EF4-1A689281A512}.Debug|Mixed Platforms.Build.0 = Debug|Any CPU
		{352B3683-F546-4370-9EF4-1A689281A512}.Debug|x86.ActiveCfg = Debug|Any CPU
		{352B3683-F546-4370-9EF4-1A689281A512}.Release|Any CPU.ActiveCfg = Release|Any CPU
		{352B3683-F546-4370-9EF4-1A689281A512}.Release|Any CPU.Build.0 = Release|Any CPU
		{352B3683-F546-4370-9EF4-1A689281A512}.Release|Mixed Platforms.ActiveCfg = Release|Any CPU
		{352B3683-F546-4370-9EF4-1A689281A512}.Release|Mixed Platforms.Build.0 = Release|Any CPU
		{352B3683-F546-4370-9EF4-1A689281A512}.Release|x86.ActiveCfg = Release|Any CPU
		{EEF89463-C3C0-4F58-A95E-D08775EC1AC1}.Debug|Any CPU.ActiveCfg = Debug|Any CPU
		{EEF89463-C3C0-4F58-A95E-D08775EC1AC1}.Debug|Any CPU.Build.0 = Debug|Any CPU
		{EEF89463-C3C0-4F58-A95E-D08775EC1AC1}.Debug|Mixed Platforms.ActiveCfg = Debug|Any CPU
		{EEF89463-C3C0-4F58-A95E-D08775EC1AC1}.Debug|Mixed Platforms.Build.0 = Debug|Any CPU
		{EEF89463-C3C0-4F58-A95E-D08775EC1AC1}.Debug|x86.ActiveCfg = Debug|Any CPU
		{EEF89463-C3C0-4F58-A95E-D08775EC1AC1}.Release|Any CPU.ActiveCfg = Release|Any CPU
		{EEF89463-C3C0-4F58-A95E-D08775EC1AC1}.Release|Any CPU.Build.0 = Release|Any CPU
		{EEF89463-C3C0-4F58-A95E-D08775EC1AC1}.Release|Mixed Platforms.ActiveCfg = Release|Any CPU
		{EEF89463-C3C0-4F58-A95E-D08775EC1AC1}.Release|Mixed Platforms.Build.0 = Release|Any CPU
		{EEF89463-C3C0-4F58-A95E-D08775EC1AC1}.Release|x86.ActiveCfg = Release|Any CPU
	EndGlobalSection
	GlobalSection(SolutionProperties) = preSolution
		HideSolutionNode = FALSE
	EndGlobalSection
EndGlobal
